
Microsoft Visual Studio Solution File, Format Version 12.00
# Visual Studio Version 16
VisualStudioVersion = 16.0.31005.135
MinimumVisualStudioVersion = 10.0.40219.1
Project("{FAE04EC0-301F-11D3-BF4B-00C04F79EFBC}") = "Navigations.Android", "Navigations\Navigations.Android\Navigations.Android.csproj", "{7E70259E-4025-4C02-B1FC-6C153F7AE217}"
EndProject
Project("{FAE04EC0-301F-11D3-BF4B-00C04F79EFBC}") = "Navigations.iOS", "Navigations\Navigations.iOS\Navigations.iOS.csproj", "{79BBF69C-B03B-4C62-A1E5-5A7D4F02E5C3}"
EndProject
Project("{FAE04EC0-301F-11D3-BF4B-00C04F79EFBC}") = "Navigations", "Navigations\Navigations\Navigations.csproj", "{A3D91542-0551-479C-A966-DE9FBC29DB82}"
EndProject
Global
	GlobalSection(SolutionConfigurationPlatforms) = preSolution
		Debug|Any CPU = Debug|Any CPU
		Debug|iPhone = Debug|iPhone
		Debug|iPhoneSimulator = Debug|iPhoneSimulator
		Release|Any CPU = Release|Any CPU
		Release|iPhone = Release|iPhone
		Release|iPhoneSimulator = Release|iPhoneSimulator
	EndGlobalSection
	GlobalSection(ProjectConfigurationPlatforms) = postSolution
		{7E70259E-4025-4C02-B1FC-6C153F7AE217}.Debug|Any CPU.ActiveCfg = Debug|Any CPU
		{7E70259E-4025-4C02-B1FC-6C153F7AE217}.Debug|Any CPU.Build.0 = Debug|Any CPU
		{7E70259E-4025-4C02-B1FC-6C153F7AE217}.Debug|Any CPU.Deploy.0 = Debug|Any CPU
		{7E70259E-4025-4C02-B1FC-6C153F7AE217}.Debug|iPhone.ActiveCfg = Debug|Any CPU
		{7E70259E-4025-4C02-B1FC-6C153F7AE217}.Debug|iPhone.Build.0 = Debug|Any CPU
		{7E70259E-4025-4C02-B1FC-6C153F7AE217}.Debug|iPhone.Deploy.0 = Debug|Any CPU
		{7E70259E-4025-4C02-B1FC-6C153F7AE217}.Debug|iPhoneSimulator.ActiveCfg = Debug|Any CPU
		{7E70259E-4025-4C02-B1FC-6C153F7AE217}.Debug|iPhoneSimulator.Build.0 = Debug|Any CPU
		{7E70259E-4025-4C02-B1FC-6C153F7AE217}.Debug|iPhoneSimulator.Deploy.0 = Debug|Any CPU
		{7E70259E-4025-4C02-B1FC-6C153F7AE217}.Release|Any CPU.ActiveCfg = Release|Any CPU
		{7E70259E-4025-4C02-B1FC-6C153F7AE217}.Release|Any CPU.Build.0 = Release|Any CPU
		{7E70259E-4025-4C02-B1FC-6C153F7AE217}.Release|Any CPU.Deploy.0 = Release|Any CPU
		{7E70259E-4025-4C02-B1FC-6C153F7AE217}.Release|iPhone.ActiveCfg = Release|Any CPU
		{7E70259E-4025-4C02-B1FC-6C153F7AE217}.Release|iPhone.Build.0 = Release|Any CPU
		{7E70259E-4025-4C02-B1FC-6C153F7AE217}.Release|iPhone.Deploy.0 = Release|Any CPU
		{7E70259E-4025-4C02-B1FC-6C153F7AE217}.Release|iPhoneSimulator.ActiveCfg = Release|Any CPU
		{7E70259E-4025-4C02-B1FC-6C153F7AE217}.Release|iPhoneSimulator.Build.0 = Release|Any CPU
		{7E70259E-4025-4C02-B1FC-6C153F7AE217}.Release|iPhoneSimulator.Deploy.0 = Release|Any CPU
		{79BBF69C-B03B-4C62-A1E5-5A7D4F02E5C3}.Debug|Any CPU.ActiveCfg = Debug|iPhone
		{79BBF69C-B03B-4C62-A1E5-5A7D4F02E5C3}.Debug|Any CPU.Build.0 = Debug|iPhone
		{79BBF69C-B03B-4C62-A1E5-5A7D4F02E5C3}.Debug|Any CPU.Deploy.0 = Debug|iPhone
		{79BBF69C-B03B-4C62-A1E5-5A7D4F02E5C3}.Debug|iPhone.ActiveCfg = Debug|iPhone
		{79BBF69C-B03B-4C62-A1E5-5A7D4F02E5C3}.Debug|iPhone.Build.0 = Debug|iPhone
		{79BBF69C-B03B-4C62-A1E5-5A7D4F02E5C3}.Debug|iPhone.Deploy.0 = Debug|iPhone
		{79BBF69C-B03B-4C62-A1E5-5A7D4F02E5C3}.Debug|iPhoneSimulator.ActiveCfg = Debug|iPhoneSimulator
		{79BBF69C-B03B-4C62-A1E5-5A7D4F02E5C3}.Debug|iPhoneSimulator.Build.0 = Debug|iPhoneSimulator
		{79BBF69C-B03B-4C62-A1E5-5A7D4F02E5C3}.Debug|iPhoneSimulator.Deploy.0 = Debug|iPhoneSimulator
		{79BBF69C-B03B-4C62-A1E5-5A7D4F02E5C3}.Release|Any CPU.ActiveCfg = Release|iPhoneSimulator
		{79BBF69C-B03B-4C62-A1E5-5A7D4F02E5C3}.Release|Any CPU.Build.0 = Release|iPhoneSimulator
		{79BBF69C-B03B-4C62-A1E5-5A7D4F02E5C3}.Release|Any CPU.Deploy.0 = Release|iPhoneSimulator
		{79BBF69C-B03B-4C62-A1E5-5A7D4F02E5C3}.Release|iPhone.ActiveCfg = Release|iPhone
		{79BBF69C-B03B-4C62-A1E5-5A7D4F02E5C3}.Release|iPhone.Build.0 = Release|iPhone
		{79BBF69C-B03B-4C62-A1E5-5A7D4F02E5C3}.Release|iPhone.Deploy.0 = Release|iPhone
		{79BBF69C-B03B-4C62-A1E5-5A7D4F02E5C3}.Release|iPhoneSimulator.ActiveCfg = Release|iPhoneSimulator
		{79BBF69C-B03B-4C62-A1E5-5A7D4F02E5C3}.Release|iPhoneSimulator.Build.0 = Release|iPhoneSimulator
		{79BBF69C-B03B-4C62-A1E5-5A7D4F02E5C3}.Release|iPhoneSimulator.Deploy.0 = Release|iPhoneSimulator
		{A3D91542-0551-479C-A966-DE9FBC29DB82}.Debug|Any CPU.ActiveCfg = Debug|Any CPU
		{A3D91542-0551-479C-A966-DE9FBC29DB82}.Debug|Any CPU.Build.0 = Debug|Any CPU
		{A3D91542-0551-479C-A966-DE9FBC29DB82}.Debug|Any CPU.Deploy.0 = Debug|Any CPU
		{A3D91542-0551-479C-A966-DE9FBC29DB82}.Debug|iPhone.ActiveCfg = Debug|Any CPU
		{A3D91542-0551-479C-A966-DE9FBC29DB82}.Debug|iPhone.Build.0 = Debug|Any CPU
		{A3D91542-0551-479C-A966-DE9FBC29DB82}.Debug|iPhone.Deploy.0 = Debug|Any CPU
		{A3D91542-0551-479C-A966-DE9FBC29DB82}.Debug|iPhoneSimulator.ActiveCfg = Debug|Any CPU
		{A3D91542-0551-479C-A966-DE9FBC29DB82}.Debug|iPhoneSimulator.Build.0 = Debug|Any CPU
		{A3D91542-0551-479C-A966-DE9FBC29DB82}.Debug|iPhoneSimulator.Deploy.0 = Debug|Any CPU
		{A3D91542-0551-479C-A966-DE9FBC29DB82}.Release|Any CPU.ActiveCfg = Release|Any CPU
		{A3D91542-0551-479C-A966-DE9FBC29DB82}.Release|Any CPU.Build.0 = Release|Any CPU
		{A3D91542-0551-479C-A966-DE9FBC29DB82}.Release|Any CPU.Deploy.0 = Release|Any CPU
		{A3D91542-0551-479C-A966-DE9FBC29DB82}.Release|iPhone.ActiveCfg = Release|Any CPU
		{A3D91542-0551-479C-A966-DE9FBC29DB82}.Release|iPhone.Build.0 = Release|Any CPU
		{A3D91542-0551-479C-A966-DE9FBC29DB82}.Release|iPhone.Deploy.0 = Release|Any CPU
		{A3D91542-0551-479C-A966-DE9FBC29DB82}.Release|iPhoneSimulator.ActiveCfg = Release|Any CPU
		{A3D91542-0551-479C-A966-DE9FBC29DB82}.Release|iPhoneSimulator.Build.0 = Release|Any CPU
		{A3D91542-0551-479C-A966-DE9FBC29DB82}.Release|iPhoneSimulator.Deploy.0 = Release|Any CPU
	EndGlobalSection
	GlobalSection(SolutionProperties) = preSolution
		HideSolutionNode = FALSE
	EndGlobalSection
	GlobalSection(ExtensibilityGlobals) = postSolution
		SolutionGuid = {4C29E9C2-23AF-47D5-8314-CBFDA62A57A2}
	EndGlobalSection
EndGlobal
